
Microsoft Visual Studio Solution File, Format Version 12.00
# Visual Studio Version 16
VisualStudioVersion = 16.0.30320.27
MinimumVisualStudioVersion = 10.0.40219.1
Project("{FAE04EC0-301F-11D3-BF4B-00C04F79EFBC}") = "DoubleLinkedList", "DoubleLinkedList\DoubleLinkedList.csproj", "{B93BF2D9-24AB-4AB1-A7A4-753DC918EE68}"
EndProject
Global
	GlobalSection(SolutionConfigurationPlatforms) = preSolution
		Debug|Any CPU = Debug|Any CPU
		Release|Any CPU = Release|Any CPU
	EndGlobalSection
	GlobalSection(ProjectConfigurationPlatforms) = postSolution
		{B93BF2D9-24AB-4AB1-A7A4-753DC918EE68}.Debug|Any CPU.ActiveCfg = Debug|Any CPU
		{B93BF2D9-24AB-4AB1-A7A4-753DC918EE68}.Debug|Any CPU.Build.0 = Debug|Any CPU
		{B93BF2D9-24AB-4AB1-A7A4-753DC918EE68}.Release|Any CPU.ActiveCfg = Release|Any CPU
		{B93BF2D9-24AB-4AB1-A7A4-753DC918EE68}.Release|Any CPU.Build.0 = Release|Any CPU
	EndGlobalSection
	GlobalSection(SolutionProperties) = preSolution
		HideSolutionNode = FALSE
	EndGlobalSection
	GlobalSection(ExtensibilityGlobals) = postSolution
		SolutionGuid = {E087E032-6048-4B18-B190-025C0F124A6D}
	EndGlobalSection
EndGlobal
